// !$*UTF8*$!
{
	archiveVersion = 1;
	classes = {
	};
	objectVersion = 46;
	objects = {

/* Begin PBXBuildFile section */
		A80A30341C737A8900DE996D /* AppDelegate.swift in Sources */ = {isa = PBXBuildFile; fileRef = A80A30331C737A8900DE996D /* AppDelegate.swift */; };
		A80A30391C737A8900DE996D /* Main.storyboard in Resources */ = {isa = PBXBuildFile; fileRef = A80A30371C737A8900DE996D /* Main.storyboard */; };
		A80A303B1C737A8900DE996D /* Assets.xcassets in Resources */ = {isa = PBXBuildFile; fileRef = A80A303A1C737A8900DE996D /* Assets.xcassets */; };
		A80A303E1C737A8900DE996D /* LaunchScreen.storyboard in Resources */ = {isa = PBXBuildFile; fileRef = A80A303C1C737A8900DE996D /* LaunchScreen.storyboard */; };
		A80A30501C7385EC00DE996D /* chatengieTests.swift in Sources */ = {isa = PBXBuildFile; fileRef = A80A304F1C7385EC00DE996D /* chatengieTests.swift */; };
		A80A305D1C739BCC00DE996D /* ChatApiProtocol.swift in Sources */ = {isa = PBXBuildFile; fileRef = A80A305C1C739BCC00DE996D /* ChatApiProtocol.swift */; };
		A80A305F1C739BDC00DE996D /* EngieApiClient.swift in Sources */ = {isa = PBXBuildFile; fileRef = A80A305E1C739BDC00DE996D /* EngieApiClient.swift */; };
		A80A30611C739C3F00DE996D /* Errors.swift in Sources */ = {isa = PBXBuildFile; fileRef = A80A30601C739C3F00DE996D /* Errors.swift */; };
		A80A30621C73A96C00DE996D /* EngieApiClient.swift in Sources */ = {isa = PBXBuildFile; fileRef = A80A305E1C739BDC00DE996D /* EngieApiClient.swift */; };
		A80A30631C73A97500DE996D /* ChatApiProtocol.swift in Sources */ = {isa = PBXBuildFile; fileRef = A80A305C1C739BCC00DE996D /* ChatApiProtocol.swift */; };
		A80A30641C73A97900DE996D /* Errors.swift in Sources */ = {isa = PBXBuildFile; fileRef = A80A30601C739C3F00DE996D /* Errors.swift */; };
		A80A30661C73AA5200DE996D /* WelcomeViewController.swift in Sources */ = {isa = PBXBuildFile; fileRef = A80A30651C73AA5200DE996D /* WelcomeViewController.swift */; };
		A80A30691C73AB7900DE996D /* Alerts.swift in Sources */ = {isa = PBXBuildFile; fileRef = A80A30681C73AB7900DE996D /* Alerts.swift */; };
		A80A306C1C73AC4900DE996D /* KeyboardTrackerBehavior.swift in Sources */ = {isa = PBXBuildFile; fileRef = A80A306A1C73AC4900DE996D /* KeyboardTrackerBehavior.swift */; };
		A80A306D1C73AC4900DE996D /* Notifications.swift in Sources */ = {isa = PBXBuildFile; fileRef = A80A306B1C73AC4900DE996D /* Notifications.swift */; };
		A80A306F1C73AEE000DE996D /* ChatsListController.swift in Sources */ = {isa = PBXBuildFile; fileRef = A80A306E1C73AEE000DE996D /* ChatsListController.swift */; };
		A80A30711C73AF0800DE996D /* ChatsController.swift in Sources */ = {isa = PBXBuildFile; fileRef = A80A30701C73AF0800DE996D /* ChatsController.swift */; };
		A80A30731C73B16100DE996D /* ChatController.swift in Sources */ = {isa = PBXBuildFile; fileRef = A80A30721C73B16100DE996D /* ChatController.swift */; };
		A80A30751C73B17700DE996D /* MessagesListController.swift in Sources */ = {isa = PBXBuildFile; fileRef = A80A30741C73B17700DE996D /* MessagesListController.swift */; };
		A8189A2D1C73BD9B00F4D699 /* Actions.swift in Sources */ = {isa = PBXBuildFile; fileRef = A8189A2C1C73BD9B00F4D699 /* Actions.swift */; };
		A8189A321C73CE7A00F4D699 /* String.swift in Sources */ = {isa = PBXBuildFile; fileRef = A8189A311C73CE7A00F4D699 /* String.swift */; };
		A88005101C7403C6006D28E0 /* Chat.swift in Sources */ = {isa = PBXBuildFile; fileRef = A880050F1C7403C6006D28E0 /* Chat.swift */; };
		A88005121C7403DE006D28E0 /* User.swift in Sources */ = {isa = PBXBuildFile; fileRef = A88005111C7403DE006D28E0 /* User.swift */; };
		A88005141C7403ED006D28E0 /* Message.swift in Sources */ = {isa = PBXBuildFile; fileRef = A88005131C7403ED006D28E0 /* Message.swift */; };
		A88005181C741668006D28E0 /* ChatStorage.swift in Sources */ = {isa = PBXBuildFile; fileRef = A88005171C741668006D28E0 /* ChatStorage.swift */; };
		A880051A1C741686006D28E0 /* MessageLoader.swift in Sources */ = {isa = PBXBuildFile; fileRef = A88005191C741686006D28E0 /* MessageLoader.swift */; };
		A880051C1C7504D7006D28E0 /* Utils.swift in Sources */ = {isa = PBXBuildFile; fileRef = A880051B1C7504D7006D28E0 /* Utils.swift */; };
		DE940447D02E3DE3935BFD86 /* Pods.framework in Frameworks */ = {isa = PBXBuildFile; fileRef = A273EDE1AE49088436A46FC7 /* Pods.framework */; };
/* End PBXBuildFile section */

/* Begin PBXContainerItemProxy section */
		A80A30521C7385EC00DE996D /* PBXContainerItemProxy */ = {
			isa = PBXContainerItemProxy;
			containerPortal = A80A30281C737A8900DE996D /* Project object */;
			proxyType = 1;
			remoteGlobalIDString = A80A302F1C737A8900DE996D;
			remoteInfo = chatengie;
		};
/* End PBXContainerItemProxy section */

/* Begin PBXFileReference section */
		A273EDE1AE49088436A46FC7 /* Pods.framework */ = {isa = PBXFileReference; explicitFileType = wrapper.framework; includeInIndex = 0; path = Pods.framework; sourceTree = BUILT_PRODUCTS_DIR; };
		A80A30301C737A8900DE996D /* chatengie.app */ = {isa = PBXFileReference; explicitFileType = wrapper.application; includeInIndex = 0; path = chatengie.app; sourceTree = BUILT_PRODUCTS_DIR; };
		A80A30331C737A8900DE996D /* AppDelegate.swift */ = {isa = PBXFileReference; lastKnownFileType = sourcecode.swift; path = AppDelegate.swift; sourceTree = "<group>"; };
		A80A30381C737A8900DE996D /* Base */ = {isa = PBXFileReference; lastKnownFileType = file.storyboard; name = Base; path = Base.lproj/Main.storyboard; sourceTree = "<group>"; };
		A80A303A1C737A8900DE996D /* Assets.xcassets */ = {isa = PBXFileReference; lastKnownFileType = folder.assetcatalog; path = Assets.xcassets; sourceTree = "<group>"; };
		A80A303D1C737A8900DE996D /* Base */ = {isa = PBXFileReference; lastKnownFileType = file.storyboard; name = Base; path = Base.lproj/LaunchScreen.storyboard; sourceTree = "<group>"; };
		A80A303F1C737A8900DE996D /* Info.plist */ = {isa = PBXFileReference; lastKnownFileType = text.plist.xml; path = Info.plist; sourceTree = "<group>"; };
		A80A304D1C7385EC00DE996D /* chatengieTests.xctest */ = {isa = PBXFileReference; explicitFileType = wrapper.cfbundle; includeInIndex = 0; path = chatengieTests.xctest; sourceTree = BUILT_PRODUCTS_DIR; };
		A80A304F1C7385EC00DE996D /* chatengieTests.swift */ = {isa = PBXFileReference; lastKnownFileType = sourcecode.swift; path = chatengieTests.swift; sourceTree = "<group>"; };
		A80A30511C7385EC00DE996D /* Info.plist */ = {isa = PBXFileReference; lastKnownFileType = text.plist.xml; path = Info.plist; sourceTree = "<group>"; };
		A80A305C1C739BCC00DE996D /* ChatApiProtocol.swift */ = {isa = PBXFileReference; fileEncoding = 4; lastKnownFileType = sourcecode.swift; path = ChatApiProtocol.swift; sourceTree = "<group>"; };
		A80A305E1C739BDC00DE996D /* EngieApiClient.swift */ = {isa = PBXFileReference; fileEncoding = 4; lastKnownFileType = sourcecode.swift; path = EngieApiClient.swift; sourceTree = "<group>"; };
		A80A30601C739C3F00DE996D /* Errors.swift */ = {isa = PBXFileReference; fileEncoding = 4; lastKnownFileType = sourcecode.swift; path = Errors.swift; sourceTree = "<group>"; };
		A80A30651C73AA5200DE996D /* WelcomeViewController.swift */ = {isa = PBXFileReference; fileEncoding = 4; lastKnownFileType = sourcecode.swift; path = WelcomeViewController.swift; sourceTree = "<group>"; };
		A80A30681C73AB7900DE996D /* Alerts.swift */ = {isa = PBXFileReference; fileEncoding = 4; lastKnownFileType = sourcecode.swift; path = Alerts.swift; sourceTree = "<group>"; };
		A80A306A1C73AC4900DE996D /* KeyboardTrackerBehavior.swift */ = {isa = PBXFileReference; fileEncoding = 4; lastKnownFileType = sourcecode.swift; path = KeyboardTrackerBehavior.swift; sourceTree = "<group>"; };
		A80A306B1C73AC4900DE996D /* Notifications.swift */ = {isa = PBXFileReference; fileEncoding = 4; lastKnownFileType = sourcecode.swift; path = Notifications.swift; sourceTree = "<group>"; };
		A80A306E1C73AEE000DE996D /* ChatsListController.swift */ = {isa = PBXFileReference; fileEncoding = 4; lastKnownFileType = sourcecode.swift; path = ChatsListController.swift; sourceTree = "<group>"; };
		A80A30701C73AF0800DE996D /* ChatsController.swift */ = {isa = PBXFileReference; fileEncoding = 4; lastKnownFileType = sourcecode.swift; path = ChatsController.swift; sourceTree = "<group>"; };
		A80A30721C73B16100DE996D /* ChatController.swift */ = {isa = PBXFileReference; fileEncoding = 4; lastKnownFileType = sourcecode.swift; path = ChatController.swift; sourceTree = "<group>"; };
		A80A30741C73B17700DE996D /* MessagesListController.swift */ = {isa = PBXFileReference; fileEncoding = 4; lastKnownFileType = sourcecode.swift; path = MessagesListController.swift; sourceTree = "<group>"; };
		A8189A2C1C73BD9B00F4D699 /* Actions.swift */ = {isa = PBXFileReference; fileEncoding = 4; lastKnownFileType = sourcecode.swift; path = Actions.swift; sourceTree = "<group>"; };
		A8189A311C73CE7A00F4D699 /* String.swift */ = {isa = PBXFileReference; fileEncoding = 4; lastKnownFileType = sourcecode.swift; path = String.swift; sourceTree = "<group>"; };
		A880050F1C7403C6006D28E0 /* Chat.swift */ = {isa = PBXFileReference; fileEncoding = 4; lastKnownFileType = sourcecode.swift; path = Chat.swift; sourceTree = "<group>"; };
		A88005111C7403DE006D28E0 /* User.swift */ = {isa = PBXFileReference; fileEncoding = 4; lastKnownFileType = sourcecode.swift; path = User.swift; sourceTree = "<group>"; };
		A88005131C7403ED006D28E0 /* Message.swift */ = {isa = PBXFileReference; fileEncoding = 4; lastKnownFileType = sourcecode.swift; path = Message.swift; sourceTree = "<group>"; };
		A88005171C741668006D28E0 /* ChatStorage.swift */ = {isa = PBXFileReference; fileEncoding = 4; lastKnownFileType = sourcecode.swift; path = ChatStorage.swift; sourceTree = "<group>"; };
		A88005191C741686006D28E0 /* MessageLoader.swift */ = {isa = PBXFileReference; fileEncoding = 4; lastKnownFileType = sourcecode.swift; path = MessageLoader.swift; sourceTree = "<group>"; };
		A880051B1C7504D7006D28E0 /* Utils.swift */ = {isa = PBXFileReference; fileEncoding = 4; lastKnownFileType = sourcecode.swift; path = Utils.swift; sourceTree = "<group>"; };
		C9263FA206B99300AAAF9CD0 /* Pods.release.xcconfig */ = {isa = PBXFileReference; includeInIndex = 1; lastKnownFileType = text.xcconfig; name = Pods.release.xcconfig; path = "Pods/Target Support Files/Pods/Pods.release.xcconfig"; sourceTree = "<group>"; };
		D157C26C1031F725BA6A7658 /* Pods.debug.xcconfig */ = {isa = PBXFileReference; includeInIndex = 1; lastKnownFileType = text.xcconfig; name = Pods.debug.xcconfig; path = "Pods/Target Support Files/Pods/Pods.debug.xcconfig"; sourceTree = "<group>"; };
/* End PBXFileReference section */

/* Begin PBXFrameworksBuildPhase section */
		A80A302D1C737A8900DE996D /* Frameworks */ = {
			isa = PBXFrameworksBuildPhase;
			buildActionMask = 2147483647;
			files = (
				DE940447D02E3DE3935BFD86 /* Pods.framework in Frameworks */,
			);
			runOnlyForDeploymentPostprocessing = 0;
		};
		A80A304A1C7385EC00DE996D /* Frameworks */ = {
			isa = PBXFrameworksBuildPhase;
			buildActionMask = 2147483647;
			files = (
			);
			runOnlyForDeploymentPostprocessing = 0;
		};
/* End PBXFrameworksBuildPhase section */

/* Begin PBXGroup section */
		02FF381F88686C4A0AEA5071 /* Frameworks */ = {
			isa = PBXGroup;
			children = (
				A273EDE1AE49088436A46FC7 /* Pods.framework */,
			);
			name = Frameworks;
			sourceTree = "<group>";
		};
		60DA2B22B16A3FCCBCCC585E /* Pods */ = {
			isa = PBXGroup;
			children = (
				D157C26C1031F725BA6A7658 /* Pods.debug.xcconfig */,
				C9263FA206B99300AAAF9CD0 /* Pods.release.xcconfig */,
			);
			name = Pods;
			sourceTree = "<group>";
		};
		A80A30271C737A8900DE996D = {
			isa = PBXGroup;
			children = (
				A80A30321C737A8900DE996D /* chatengie */,
				A80A304E1C7385EC00DE996D /* chatengieTests */,
				A80A30311C737A8900DE996D /* Products */,
				60DA2B22B16A3FCCBCCC585E /* Pods */,
				02FF381F88686C4A0AEA5071 /* Frameworks */,
			);
			sourceTree = "<group>";
		};
		A80A30311C737A8900DE996D /* Products */ = {
			isa = PBXGroup;
			children = (
				A80A30301C737A8900DE996D /* chatengie.app */,
				A80A304D1C7385EC00DE996D /* chatengieTests.xctest */,
			);
			name = Products;
			sourceTree = "<group>";
		};
		A80A30321C737A8900DE996D /* chatengie */ = {
			isa = PBXGroup;
			children = (
				A80A30671C73AB6C00DE996D /* Utils */,
				A80A30461C737C0E00DE996D /* Business */,
				A80A30451C737C0800DE996D /* Presentation */,
				A80A30331C737A8900DE996D /* AppDelegate.swift */,
				A8189A2C1C73BD9B00F4D699 /* Actions.swift */,
				A80A306B1C73AC4900DE996D /* Notifications.swift */,
				A80A30371C737A8900DE996D /* Main.storyboard */,
				A80A303A1C737A8900DE996D /* Assets.xcassets */,
				A80A303C1C737A8900DE996D /* LaunchScreen.storyboard */,
				A80A303F1C737A8900DE996D /* Info.plist */,
			);
			path = chatengie;
			sourceTree = "<group>";
		};
		A80A30451C737C0800DE996D /* Presentation */ = {
			isa = PBXGroup;
			children = (
				A80A30651C73AA5200DE996D /* WelcomeViewController.swift */,
				A80A306E1C73AEE000DE996D /* ChatsListController.swift */,
				A80A30701C73AF0800DE996D /* ChatsController.swift */,
				A80A30721C73B16100DE996D /* ChatController.swift */,
				A80A30741C73B17700DE996D /* MessagesListController.swift */,
				A880051B1C7504D7006D28E0 /* Utils.swift */,
			);
			name = Presentation;
			sourceTree = "<group>";
		};
		A80A30461C737C0E00DE996D /* Business */ = {
			isa = PBXGroup;
			children = (
				A880050E1C7403BB006D28E0 /* Models */,
				A80A305B1C739BC200DE996D /* Api */,
				A88005171C741668006D28E0 /* ChatStorage.swift */,
				A88005191C741686006D28E0 /* MessageLoader.swift */,
			);
			name = Business;
			sourceTree = "<group>";
		};
		A80A304E1C7385EC00DE996D /* chatengieTests */ = {
			isa = PBXGroup;
			children = (
				A80A304F1C7385EC00DE996D /* chatengieTests.swift */,
				A80A30511C7385EC00DE996D /* Info.plist */,
			);
			path = chatengieTests;
			sourceTree = "<group>";
		};
		A80A305B1C739BC200DE996D /* Api */ = {
			isa = PBXGroup;
			children = (
				A80A305C1C739BCC00DE996D /* ChatApiProtocol.swift */,
				A80A305E1C739BDC00DE996D /* EngieApiClient.swift */,
				A80A30601C739C3F00DE996D /* Errors.swift */,
			);
			name = Api;
			sourceTree = "<group>";
		};
		A80A30671C73AB6C00DE996D /* Utils */ = {
			isa = PBXGroup;
			children = (
				A8189A301C73CE4900F4D699 /* Extensions */,
				A80A306A1C73AC4900DE996D /* KeyboardTrackerBehavior.swift */,
				A80A30681C73AB7900DE996D /* Alerts.swift */,
			);
			name = Utils;
			sourceTree = "<group>";
		};
		A8189A301C73CE4900F4D699 /* Extensions */ = {
			isa = PBXGroup;
			children = (
				A8189A311C73CE7A00F4D699 /* String.swift */,
			);
			name = Extensions;
			sourceTree = "<group>";
		};
		A880050E1C7403BB006D28E0 /* Models */ = {
			isa = PBXGroup;
			children = (
				A880050F1C7403C6006D28E0 /* Chat.swift */,
				A88005111C7403DE006D28E0 /* User.swift */,
				A88005131C7403ED006D28E0 /* Message.swift */,
			);
			name = Models;
			sourceTree = "<group>";
		};
/* End PBXGroup section */

/* Begin PBXNativeTarget section */
		A80A302F1C737A8900DE996D /* chatengie */ = {
			isa = PBXNativeTarget;
			buildConfigurationList = A80A30421C737A8900DE996D /* Build configuration list for PBXNativeTarget "chatengie" */;
			buildPhases = (
				18A7EA6D0803664810EBFAC5 /* Check Pods Manifest.lock */,
				A80A302C1C737A8900DE996D /* Sources */,
				A80A302D1C737A8900DE996D /* Frameworks */,
				A80A302E1C737A8900DE996D /* Resources */,
				B4F961AAC7402597B8BBC0B2 /* Embed Pods Frameworks */,
				B72480EA9798E1EF344AAC8F /* Copy Pods Resources */,
			);
			buildRules = (
			);
			dependencies = (
			);
			name = chatengie;
			productName = chatengie;
			productReference = A80A30301C737A8900DE996D /* chatengie.app */;
			productType = "com.apple.product-type.application";
		};
		A80A304C1C7385EC00DE996D /* chatengieTests */ = {
			isa = PBXNativeTarget;
			buildConfigurationList = A80A30541C7385EC00DE996D /* Build configuration list for PBXNativeTarget "chatengieTests" */;
			buildPhases = (
				A80A30491C7385EC00DE996D /* Sources */,
				A80A304A1C7385EC00DE996D /* Frameworks */,
				A80A304B1C7385EC00DE996D /* Resources */,
			);
			buildRules = (
			);
			dependencies = (
				A80A30531C7385EC00DE996D /* PBXTargetDependency */,
			);
			name = chatengieTests;
			productName = chatengieTests;
			productReference = A80A304D1C7385EC00DE996D /* chatengieTests.xctest */;
			productType = "com.apple.product-type.bundle.unit-test";
		};
/* End PBXNativeTarget section */

/* Begin PBXProject section */
		A80A30281C737A8900DE996D /* Project object */ = {
			isa = PBXProject;
			attributes = {
				LastSwiftUpdateCheck = 0720;
				LastUpgradeCheck = 0720;
				ORGANIZATIONNAME = engie;
				TargetAttributes = {
					A80A302F1C737A8900DE996D = {
						CreatedOnToolsVersion = 7.2.1;
						DevelopmentTeam = QRVDG449YN;
						SystemCapabilities = {
							com.apple.BackgroundModes = {
								enabled = 1;
							};
							com.apple.Push = {
								enabled = 1;
							};
						};
					};
					A80A304C1C7385EC00DE996D = {
						CreatedOnToolsVersion = 7.2.1;
						TestTargetID = A80A302F1C737A8900DE996D;
					};
				};
			};
			buildConfigurationList = A80A302B1C737A8900DE996D /* Build configuration list for PBXProject "chatengie" */;
			compatibilityVersion = "Xcode 3.2";
			developmentRegion = English;
			hasScannedForEncodings = 0;
			knownRegions = (
				en,
				Base,
			);
			mainGroup = A80A30271C737A8900DE996D;
			productRefGroup = A80A30311C737A8900DE996D /* Products */;
			projectDirPath = "";
			projectRoot = "";
			targets = (
				A80A302F1C737A8900DE996D /* chatengie */,
				A80A304C1C7385EC00DE996D /* chatengieTests */,
			);
		};
/* End PBXProject section */

/* Begin PBXResourcesBuildPhase section */
		A80A302E1C737A8900DE996D /* Resources */ = {
			isa = PBXResourcesBuildPhase;
			buildActionMask = 2147483647;
			files = (
				A80A303E1C737A8900DE996D /* LaunchScreen.storyboard in Resources */,
				A80A303B1C737A8900DE996D /* Assets.xcassets in Resources */,
				A80A30391C737A8900DE996D /* Main.storyboard in Resources */,
			);
			runOnlyForDeploymentPostprocessing = 0;
		};
		A80A304B1C7385EC00DE996D /* Resources */ = {
			isa = PBXResourcesBuildPhase;
			buildActionMask = 2147483647;
			files = (
			);
			runOnlyForDeploymentPostprocessing = 0;
		};
/* End PBXResourcesBuildPhase section */

/* Begin PBXShellScriptBuildPhase section */
		18A7EA6D0803664810EBFAC5 /* Check Pods Manifest.lock */ = {
			isa = PBXShellScriptBuildPhase;
			buildActionMask = 2147483647;
			files = (
			);
			inputPaths = (
			);
			name = "Check Pods Manifest.lock";
			outputPaths = (
			);
			runOnlyForDeploymentPostprocessing = 0;
			shellPath = /bin/sh;
			shellScript = "diff \"${PODS_ROOT}/../Podfile.lock\" \"${PODS_ROOT}/Manifest.lock\" > /dev/null\nif [[ $? != 0 ]] ; then\n    cat << EOM\nerror: The sandbox is not in sync with the Podfile.lock. Run 'pod install' or update your CocoaPods installation.\nEOM\n    exit 1\nfi\n";
			showEnvVarsInLog = 0;
		};
		B4F961AAC7402597B8BBC0B2 /* Embed Pods Frameworks */ = {
			isa = PBXShellScriptBuildPhase;
			buildActionMask = 2147483647;
			files = (
			);
			inputPaths = (
			);
			name = "Embed Pods Frameworks";
			outputPaths = (
			);
			runOnlyForDeploymentPostprocessing = 0;
			shellPath = /bin/sh;
			shellScript = "\"${SRCROOT}/Pods/Target Support Files/Pods/Pods-frameworks.sh\"\n";
			showEnvVarsInLog = 0;
		};
		B72480EA9798E1EF344AAC8F /* Copy Pods Resources */ = {
			isa = PBXShellScriptBuildPhase;
			buildActionMask = 2147483647;
			files = (
			);
			inputPaths = (
			);
			name = "Copy Pods Resources";
			outputPaths = (
			);
			runOnlyForDeploymentPostprocessing = 0;
			shellPath = /bin/sh;
			shellScript = "\"${SRCROOT}/Pods/Target Support Files/Pods/Pods-resources.sh\"\n";
			showEnvVarsInLog = 0;
		};
/* End PBXShellScriptBuildPhase section */

/* Begin PBXSourcesBuildPhase section */
		A80A302C1C737A8900DE996D /* Sources */ = {
			isa = PBXSourcesBuildPhase;
			buildActionMask = 2147483647;
			files = (
				A8189A2D1C73BD9B00F4D699 /* Actions.swift in Sources */,
				A88005181C741668006D28E0 /* ChatStorage.swift in Sources */,
				A80A306D1C73AC4900DE996D /* Notifications.swift in Sources */,
				A88005101C7403C6006D28E0 /* Chat.swift in Sources */,
				A8189A321C73CE7A00F4D699 /* String.swift in Sources */,
				A80A305F1C739BDC00DE996D /* EngieApiClient.swift in Sources */,
				A80A306F1C73AEE000DE996D /* ChatsListController.swift in Sources */,
				A88005141C7403ED006D28E0 /* Message.swift in Sources */,
				A880051C1C7504D7006D28E0 /* Utils.swift in Sources */,
				A80A30691C73AB7900DE996D /* Alerts.swift in Sources */,
				A80A30341C737A8900DE996D /* AppDelegate.swift in Sources */,
				A80A30751C73B17700DE996D /* MessagesListController.swift in Sources */,
				A80A305D1C739BCC00DE996D /* ChatApiProtocol.swift in Sources */,
				A80A30731C73B16100DE996D /* ChatController.swift in Sources */,
				A880051A1C741686006D28E0 /* MessageLoader.swift in Sources */,
				A80A306C1C73AC4900DE996D /* KeyboardTrackerBehavior.swift in Sources */,
				A88005121C7403DE006D28E0 /* User.swift in Sources */,
				A80A30711C73AF0800DE996D /* ChatsController.swift in Sources */,
				A80A30611C739C3F00DE996D /* Errors.swift in Sources */,
				A80A30661C73AA5200DE996D /* WelcomeViewController.swift in Sources */,
			);
			runOnlyForDeploymentPostprocessing = 0;
		};
		A80A30491C7385EC00DE996D /* Sources */ = {
			isa = PBXSourcesBuildPhase;
			buildActionMask = 2147483647;
			files = (
				A80A30641C73A97900DE996D /* Errors.swift in Sources */,
				A80A30621C73A96C00DE996D /* EngieApiClient.swift in Sources */,
				A80A30631C73A97500DE996D /* ChatApiProtocol.swift in Sources */,
				A80A30501C7385EC00DE996D /* chatengieTests.swift in Sources */,
			);
			runOnlyForDeploymentPostprocessing = 0;
		};
/* End PBXSourcesBuildPhase section */

/* Begin PBXTargetDependency section */
		A80A30531C7385EC00DE996D /* PBXTargetDependency */ = {
			isa = PBXTargetDependency;
			target = A80A302F1C737A8900DE996D /* chatengie */;
			targetProxy = A80A30521C7385EC00DE996D /* PBXContainerItemProxy */;
		};
/* End PBXTargetDependency section */

/* Begin PBXVariantGroup section */
		A80A30371C737A8900DE996D /* Main.storyboard */ = {
			isa = PBXVariantGroup;
			children = (
				A80A30381C737A8900DE996D /* Base */,
			);
			name = Main.storyboard;
			sourceTree = "<group>";
		};
		A80A303C1C737A8900DE996D /* LaunchScreen.storyboard */ = {
			isa = PBXVariantGroup;
			children = (
				A80A303D1C737A8900DE996D /* Base */,
			);
			name = LaunchScreen.storyboard;
			sourceTree = "<group>";
		};
/* End PBXVariantGroup section */

/* Begin XCBuildConfiguration section */
		A80A30401C737A8900DE996D /* Debug */ = {
			isa = XCBuildConfiguration;
			buildSettings = {
				ALWAYS_SEARCH_USER_PATHS = NO;
				CLANG_CXX_LANGUAGE_STANDARD = "gnu++0x";
				CLANG_CXX_LIBRARY = "libc++";
				CLANG_ENABLE_MODULES = YES;
				CLANG_ENABLE_OBJC_ARC = YES;
				CLANG_WARN_BOOL_CONVERSION = YES;
				CLANG_WARN_CONSTANT_CONVERSION = YES;
				CLANG_WARN_DIRECT_OBJC_ISA_USAGE = YES_ERROR;
				CLANG_WARN_EMPTY_BODY = YES;
				CLANG_WARN_ENUM_CONVERSION = YES;
				CLANG_WARN_INT_CONVERSION = YES;
				CLANG_WARN_OBJC_ROOT_CLASS = YES_ERROR;
				CLANG_WARN_UNREACHABLE_CODE = YES;
				CLANG_WARN__DUPLICATE_METHOD_MATCH = YES;
				"CODE_SIGN_IDENTITY[sdk=iphoneos*]" = "iPhone Developer";
				COPY_PHASE_STRIP = NO;
				DEBUG_INFORMATION_FORMAT = dwarf;
				ENABLE_STRICT_OBJC_MSGSEND = YES;
				ENABLE_TESTABILITY = YES;
				GCC_C_LANGUAGE_STANDARD = gnu99;
				GCC_DYNAMIC_NO_PIC = NO;
				GCC_NO_COMMON_BLOCKS = YES;
				GCC_OPTIMIZATION_LEVEL = 0;
				GCC_PREPROCESSOR_DEFINITIONS = (
					"DEBUG=1",
					"$(inherited)",
				);
				GCC_WARN_64_TO_32_BIT_CONVERSION = YES;
				GCC_WARN_ABOUT_RETURN_TYPE = YES_ERROR;
				GCC_WARN_UNDECLARED_SELECTOR = YES;
				GCC_WARN_UNINITIALIZED_AUTOS = YES_AGGRESSIVE;
				GCC_WARN_UNUSED_FUNCTION = YES;
				GCC_WARN_UNUSED_VARIABLE = YES;
				IPHONEOS_DEPLOYMENT_TARGET = 9.2;
				MTL_ENABLE_DEBUG_INFO = YES;
				ONLY_ACTIVE_ARCH = YES;
				SDKROOT = iphoneos;
				SWIFT_OPTIMIZATION_LEVEL = "-Onone";
				TARGETED_DEVICE_FAMILY = "1,2";
			};
			name = Debug;
		};
		A80A30411C737A8900DE996D /* Release */ = {
			isa = XCBuildConfiguration;
			buildSettings = {
				ALWAYS_SEARCH_USER_PATHS = NO;
				CLANG_CXX_LANGUAGE_STANDARD = "gnu++0x";
				CLANG_CXX_LIBRARY = "libc++";
				CLANG_ENABLE_MODULES = YES;
				CLANG_ENABLE_OBJC_ARC = YES;
				CLANG_WARN_BOOL_CONVERSION = YES;
				CLANG_WARN_CONSTANT_CONVERSION = YES;
				CLANG_WARN_DIRECT_OBJC_ISA_USAGE = YES_ERROR;
				CLANG_WARN_EMPTY_BODY = YES;
				CLANG_WARN_ENUM_CONVERSION = YES;
				CLANG_WARN_INT_CONVERSION = YES;
				CLANG_WARN_OBJC_ROOT_CLASS = YES_ERROR;
				CLANG_WARN_UNREACHABLE_CODE = YES;
				CLANG_WARN__DUPLICATE_METHOD_MATCH = YES;
				"CODE_SIGN_IDENTITY[sdk=iphoneos*]" = "iPhone Developer";
				COPY_PHASE_STRIP = NO;
				DEBUG_INFORMATION_FORMAT = "dwarf-with-dsym";
				ENABLE_NS_ASSERTIONS = NO;
				ENABLE_STRICT_OBJC_MSGSEND = YES;
				GCC_C_LANGUAGE_STANDARD = gnu99;
				GCC_NO_COMMON_BLOCKS = YES;
				GCC_WARN_64_TO_32_BIT_CONVERSION = YES;
				GCC_WARN_ABOUT_RETURN_TYPE = YES_ERROR;
				GCC_WARN_UNDECLARED_SELECTOR = YES;
				GCC_WARN_UNINITIALIZED_AUTOS = YES_AGGRESSIVE;
				GCC_WARN_UNUSED_FUNCTION = YES;
				GCC_WARN_UNUSED_VARIABLE = YES;
				IPHONEOS_DEPLOYMENT_TARGET = 9.2;
				MTL_ENABLE_DEBUG_INFO = NO;
				SDKROOT = iphoneos;
				TARGETED_DEVICE_FAMILY = "1,2";
				VALIDATE_PRODUCT = YES;
			};
			name = Release;
		};
		A80A30431C737A8900DE996D /* Debug */ = {
			isa = XCBuildConfiguration;
			baseConfigurationReference = D157C26C1031F725BA6A7658 /* Pods.debug.xcconfig */;
			buildSettings = {
				ASSETCATALOG_COMPILER_APPICON_NAME = AppIcon;
				CODE_SIGN_IDENTITY = "iPhone Developer";
				"CODE_SIGN_IDENTITY[sdk=iphoneos*]" = "iPhone Developer";
				INFOPLIST_FILE = chatengie/Info.plist;
				LD_RUNPATH_SEARCH_PATHS = "$(inherited) @executable_path/Frameworks";
				PRODUCT_BUNDLE_IDENTIFIER = com.engie.chatengie;
				PRODUCT_NAME = "$(TARGET_NAME)";
				PROVISIONING_PROFILE = "";
			};
			name = Debug;
		};
		A80A30441C737A8900DE996D /* Release */ = {
			isa = XCBuildConfiguration;
			baseConfigurationReference = C9263FA206B99300AAAF9CD0 /* Pods.release.xcconfig */;
			buildSettings = {
				ASSETCATALOG_COMPILER_APPICON_NAME = AppIcon;
				CODE_SIGN_IDENTITY = "iPhone Developer";
				"CODE_SIGN_IDENTITY[sdk=iphoneos*]" = "iPhone Developer";
				INFOPLIST_FILE = chatengie/Info.plist;
				LD_RUNPATH_SEARCH_PATHS = "$(inherited) @executable_path/Frameworks";
				PRODUCT_BUNDLE_IDENTIFIER = com.engie.chatengie;
				PRODUCT_NAME = "$(TARGET_NAME)";
				PROVISIONING_PROFILE = "";
			};
			name = Release;
		};
		A80A30551C7385EC00DE996D /* Debug */ = {
			isa = XCBuildConfiguration;
			buildSettings = {
				BUNDLE_LOADER = "$(TEST_HOST)";
				INFOPLIST_FILE = chatengieTests/Info.plist;
				LD_RUNPATH_SEARCH_PATHS = "$(inherited) @executable_path/Frameworks @loader_path/Frameworks";
				PRODUCT_BUNDLE_IDENTIFIER = com.engie.chatengieTests;
				PRODUCT_NAME = "$(TARGET_NAME)";
				TEST_HOST = "$(BUILT_PRODUCTS_DIR)/chatengie.app/chatengie";
			};
			name = Debug;
		};
		A80A30561C7385EC00DE996D /* Release */ = {
			isa = XCBuildConfiguration;
			buildSettings = {
				BUNDLE_LOADER = "$(TEST_HOST)";
				INFOPLIST_FILE = chatengieTests/Info.plist;
				LD_RUNPATH_SEARCH_PATHS = "$(inherited) @executable_path/Frameworks @loader_path/Frameworks";
				PRODUCT_BUNDLE_IDENTIFIER = com.engie.chatengieTests;
				PRODUCT_NAME = "$(TARGET_NAME)";
				TEST_HOST = "$(BUILT_PRODUCTS_DIR)/chatengie.app/chatengie";
			};
			name = Release;
		};
/* End XCBuildConfiguration section */

/* Begin XCConfigurationList section */
		A80A302B1C737A8900DE996D /* Build configuration list for PBXProject "chatengie" */ = {
			isa = XCConfigurationList;
			buildConfigurations = (
				A80A30401C737A8900DE996D /* Debug */,
				A80A30411C737A8900DE996D /* Release */,
			);
			defaultConfigurationIsVisible = 0;
			defaultConfigurationName = Release;
		};
		A80A30421C737A8900DE996D /* Build configuration list for PBXNativeTarget "chatengie" */ = {
			isa = XCConfigurationList;
			buildConfigurations = (
				A80A30431C737A8900DE996D /* Debug */,
				A80A30441C737A8900DE996D /* Release */,
			);
			defaultConfigurationIsVisible = 0;
			defaultConfigurationName = Release;
		};
		A80A30541C7385EC00DE996D /* Build configuration list for PBXNativeTarget "chatengieTests" */ = {
			isa = XCConfigurationList;
			buildConfigurations = (
				A80A30551C7385EC00DE996D /* Debug */,
				A80A30561C7385EC00DE996D /* Release */,
			);
			defaultConfigurationIsVisible = 0;
			defaultConfigurationName = Release;
		};
/* End XCConfigurationList section */
	};
	rootObject = A80A30281C737A8900DE996D /* Project object */;
}
